{
  "version": 4,
  "terraform_version": "1.9.5",
  "serial": 197,
  "lineage": "8c7cc5da-d9b9-cb32-8c6c-f2d5702f6ae4",
  "outputs": {
    "credentials_ssm_parameter_description": {
      "value": "SSM Parameter for active directory, FSxN and SQL service account credentials",
      "type": "string"
    },
    "credentials_ssm_parameter_name": {
      "value": "/netapp/wlmdb/wlmdb-poc-terraform-SqlStandalone-deployment",
      "type": "string"
    },
    "credentials_ssm_parameter_tags": {
      "value": {
        "creator": "wlmdb-poc-sathish-terraform"
      },
      "type": [
        "map",
        "string"
      ]
    },
    "credentials_ssm_parameter_value": {
      "value": "{\n  \"fsx\": {\n    \"username\": \"fsxadmin\",\n    \"password\": \"Netapp123\"\n  },\n  \"domain\": {\n    \"username\": \"administrator\",\n    \"password\": \"Collector@1234\"\n  },\n  \"sql\": [{\n    \"username\": \"sqladminadg4m\",\n    \"password\": \"Netapp123\",\n    \"sqlinstancename\": \"MSSQL\"\n  }]\n}\n",
      "type": "string",
      "sensitive": true
    },
    "policy_id": {
      "value": "wlmdb-poc-terraform-SqlStandalone-deployment:wlmdb-poc-terraform-SqlStandalone-deployment_WLMDB_Policy_1",
      "type": "string"
    },
    "policy_name": {
      "value": "wlmdb-poc-terraform-SqlStandalone-deployment_WLMDB_Policy_1",
      "type": "string"
    },
    "role_id": {
      "value": "wlmdb-poc-terraform-SqlStandalone-deployment",
      "type": "string"
    },
    "role_name": {
      "value": "wlmdb-poc-terraform-SqlStandalone-deployment",
      "type": "string"
    }
  },
  "resources": [
    {
      "mode": "managed",
      "type": "aws_iam_role",
      "name": "ec2_iam_role",
      "provider": "provider[\"registry.terraform.io/hashicorp/aws\"]",
      "instances": [
        {
          "schema_version": 0,
          "attributes": {
            "arn": "arn:aws:iam::464262061435:role/wlmdb-poc-terraform-SqlStandalone-deployment",
            "assume_role_policy": "{\"Statement\":[{\"Action\":\"sts:AssumeRole\",\"Effect\":\"Allow\",\"Principal\":{\"Service\":\"ec2.amazonaws.com\"}}],\"Version\":\"2012-10-17\"}",
            "create_date": "2024-08-29T07:17:59Z",
            "description": "",
            "force_detach_policies": false,
            "id": "wlmdb-poc-terraform-SqlStandalone-deployment",
            "inline_policy": [
              {
                "name": "wlmdb-poc-terraform-SqlStandalone-deployment_WLMDB_Policy_1",
                "policy": "{\"Version\":\"2012-10-17\",\"Statement\":[{\"Action\":[\"cloudwatch:PutMetricAlarm\",\"cloudwatch:DeleteAlarms\",\"cloudwatch:DescribeAlarms\",\"cloudwatch:List*\",\"cloudwatch:Get*\",\"cloudwatch:Describe*\"],\"Effect\":\"Allow\",\"Resource\":\"*\",\"Sid\":\"CloudWatchDeploymentStatement\"},{\"Action\":[\"logs:CreateLogStream\",\"logs:CreateLogGroup\",\"logs:GetLogEvents\",\"logs:GetLogDelivery\",\"logs:GetLogRecord\",\"logs:ListLogDeliveries\",\"logs:DescribeLogGroups\",\"logs:DescribeLogStreams\",\"logs:PutLogEvents\",\"logs:TagResource\"],\"Effect\":\"Allow\",\"Resource\":\"*\",\"Sid\":\"CloudLogDeploymentCreateStatement\"},{\"Action\":[\"sts:GetCallerIdentity\"],\"Effect\":\"Allow\",\"Resource\":\"*\",\"Sid\":\"STSStatement\"},{\"Action\":[\"iam:GetRole\",\"iam:GetPolicy\",\"iam:GetRolePolicy\",\"iam:PassRole\",\"iam:GetUser\",\"iam:GetPolicyVersion\"],\"Effect\":\"Allow\",\"Resource\":\"*\",\"Sid\":\"IAMStatement\"},{\"Action\":[\"ssm:DescribeAssociation\",\"ssm:GetDeployablePatchSnapshotForInstance\",\"ssm:GetDocument\",\"ssm:DescribeDocument\",\"ssm:GetManifest\",\"ssm:ListAssociations\",\"ssm:ListInstanceAssociations\",\"ssm:GetCommandInvocation\",\"ec2messages:GetEndpoint\",\"ec2messages:GetMessages\"],\"Effect\":\"Allow\",\"Resource\":\"*\",\"Sid\":\"SSMListStatement\"},{\"Action\":[\"cloudformation:ListStacks\",\"cloudformation:SignalResource\"],\"Effect\":\"Allow\",\"Resource\":\"arn:aws:cloudformation:*:*:stack/WLMDB*\",\"Sid\":\"CloudFormationDeploymentStatement\"},{\"Action\":[\"ssmmessages:CreateControlChannel\",\"ssmmessages:CreateDataChannel\",\"ssmmessages:OpenControlChannel\",\"ssmmessages:OpenDataChannel\",\"ssm:PutInventory\",\"ssm:PutComplianceItems\",\"ssm:PutConfigurePackageResult\",\"ssm:UpdateAssociationStatus\",\"ssm:UpdateInstanceAssociationStatus\",\"ssm:UpdateInstanceInformation\",\"ssm:SendCommand\"],\"Effect\":\"Allow\",\"Resource\":\"*\",\"Sid\":\"SSMCreateStatement\"},{\"Action\":[\"ec2messages:AcknowledgeMessage\",\"ec2messages:DeleteMessage\",\"ec2messages:FailMessage\",\"ec2messages:SendReply\"],\"Effect\":\"Allow\",\"Resource\":\"*\",\"Sid\":\"EC2MessagesStatement\"},{\"Action\":[\"fsx:DescribeFileSystems\",\"fsx:DescribeVolumes\",\"fsx:DescribeStorageVirtualMachines\"],\"Effect\":\"Allow\",\"Resource\":\"*\",\"Sid\":\"FsxStatement\"},{\"Action\":[\"ec2:Get*\",\"ec2:Describe*\"],\"Effect\":\"Allow\",\"Resource\":\"*\",\"Sid\":\"EC2Statement\"},{\"Action\":[\"ec2:CreateTags\",\"ec2:AuthorizeSecurityGroupIngress\"],\"Effect\":\"Allow\",\"Resource\":\"*\",\"Sid\":\"EC2TaggingStatement\"},{\"Action\":[\"ssm:GetParameter\",\"ssm:GetParameters\",\"ssm:PutParameter\",\"ssm:GetParametersByPath\"],\"Effect\":\"Allow\",\"Resource\":\"arn:aws:ssm:*:*:parameter/netapp/wlmdb/*\",\"Sid\":\"SSMGetPutParameter\"}]}"
              }
            ],
            "managed_policy_arns": [],
            "max_session_duration": 3600,
            "name": "wlmdb-poc-terraform-SqlStandalone-deployment",
            "name_prefix": "",
            "path": "/",
            "permissions_boundary": "",
            "tags": {
              "tag-key": "wlmdb-poc-sathish-terraform"
            },
            "tags_all": {
              "creator": "wlmdb-poc-sathish-terraform",
              "tag-key": "wlmdb-poc-sathish-terraform"
            },
            "unique_id": "AROAWYGBM3V52KRWQZPTD"
          },
          "sensitive_attributes": [],
          "private": "bnVsbA=="
        }
      ]
    },
    {
      "mode": "managed",
      "type": "aws_iam_role_policy",
      "name": "ec2_iam_role_policy",
      "provider": "provider[\"registry.terraform.io/hashicorp/aws\"]",
      "instances": [
        {
          "schema_version": 0,
          "attributes": {
            "id": "wlmdb-poc-terraform-SqlStandalone-deployment:wlmdb-poc-terraform-SqlStandalone-deployment_WLMDB_Policy_1",
            "name": "wlmdb-poc-terraform-SqlStandalone-deployment_WLMDB_Policy_1",
            "name_prefix": "",
            "policy": "{\"Version\":\"2012-10-17\",\"Statement\":[{\"Action\":[\"cloudwatch:PutMetricAlarm\",\"cloudwatch:DeleteAlarms\",\"cloudwatch:DescribeAlarms\",\"cloudwatch:List*\",\"cloudwatch:Get*\",\"cloudwatch:Describe*\"],\"Effect\":\"Allow\",\"Resource\":\"*\",\"Sid\":\"CloudWatchDeploymentStatement\"},{\"Action\":[\"logs:CreateLogStream\",\"logs:CreateLogGroup\",\"logs:GetLogEvents\",\"logs:GetLogDelivery\",\"logs:GetLogRecord\",\"logs:ListLogDeliveries\",\"logs:DescribeLogGroups\",\"logs:DescribeLogStreams\",\"logs:PutLogEvents\",\"logs:TagResource\"],\"Effect\":\"Allow\",\"Resource\":\"*\",\"Sid\":\"CloudLogDeploymentCreateStatement\"},{\"Action\":[\"sts:GetCallerIdentity\"],\"Effect\":\"Allow\",\"Resource\":\"*\",\"Sid\":\"STSStatement\"},{\"Action\":[\"iam:GetRole\",\"iam:GetPolicy\",\"iam:GetRolePolicy\",\"iam:PassRole\",\"iam:GetUser\",\"iam:GetPolicyVersion\"],\"Effect\":\"Allow\",\"Resource\":\"*\",\"Sid\":\"IAMStatement\"},{\"Action\":[\"ssm:DescribeAssociation\",\"ssm:GetDeployablePatchSnapshotForInstance\",\"ssm:GetDocument\",\"ssm:DescribeDocument\",\"ssm:GetManifest\",\"ssm:ListAssociations\",\"ssm:ListInstanceAssociations\",\"ssm:GetCommandInvocation\",\"ec2messages:GetEndpoint\",\"ec2messages:GetMessages\"],\"Effect\":\"Allow\",\"Resource\":\"*\",\"Sid\":\"SSMListStatement\"},{\"Action\":[\"cloudformation:ListStacks\",\"cloudformation:SignalResource\"],\"Effect\":\"Allow\",\"Resource\":\"arn:aws:cloudformation:*:*:stack/WLMDB*\",\"Sid\":\"CloudFormationDeploymentStatement\"},{\"Action\":[\"ssmmessages:CreateControlChannel\",\"ssmmessages:CreateDataChannel\",\"ssmmessages:OpenControlChannel\",\"ssmmessages:OpenDataChannel\",\"ssm:PutInventory\",\"ssm:PutComplianceItems\",\"ssm:PutConfigurePackageResult\",\"ssm:UpdateAssociationStatus\",\"ssm:UpdateInstanceAssociationStatus\",\"ssm:UpdateInstanceInformation\",\"ssm:SendCommand\"],\"Effect\":\"Allow\",\"Resource\":\"*\",\"Sid\":\"SSMCreateStatement\"},{\"Action\":[\"ec2messages:AcknowledgeMessage\",\"ec2messages:DeleteMessage\",\"ec2messages:FailMessage\",\"ec2messages:SendReply\"],\"Effect\":\"Allow\",\"Resource\":\"*\",\"Sid\":\"EC2MessagesStatement\"},{\"Action\":[\"fsx:DescribeFileSystems\",\"fsx:DescribeVolumes\",\"fsx:DescribeStorageVirtualMachines\"],\"Effect\":\"Allow\",\"Resource\":\"*\",\"Sid\":\"FsxStatement\"},{\"Action\":[\"ec2:Get*\",\"ec2:Describe*\"],\"Effect\":\"Allow\",\"Resource\":\"*\",\"Sid\":\"EC2Statement\"},{\"Action\":[\"ec2:CreateTags\",\"ec2:AuthorizeSecurityGroupIngress\"],\"Effect\":\"Allow\",\"Resource\":\"*\",\"Sid\":\"EC2TaggingStatement\"},{\"Action\":[\"ssm:GetParameter\",\"ssm:GetParameters\",\"ssm:PutParameter\",\"ssm:GetParametersByPath\"],\"Effect\":\"Allow\",\"Resource\":\"arn:aws:ssm:*:*:parameter/netapp/wlmdb/*\",\"Sid\":\"SSMGetPutParameter\"}]}",
            "role": "wlmdb-poc-terraform-SqlStandalone-deployment"
          },
          "sensitive_attributes": [],
          "private": "bnVsbA==",
          "dependencies": [
            "aws_iam_role.ec2_iam_role"
          ]
        }
      ]
    },
    {
      "mode": "managed",
      "type": "aws_ssm_parameter",
      "name": "credentials_ssm_parameter",
      "provider": "provider[\"registry.terraform.io/hashicorp/aws\"]",
      "instances": [
        {
          "schema_version": 0,
          "attributes": {
            "allowed_pattern": "",
            "arn": "arn:aws:ssm:ap-southeast-1:464262061435:parameter/netapp/wlmdb/wlmdb-poc-terraform-SqlStandalone-deployment",
            "data_type": "text",
            "description": "SSM Parameter for active directory, FSxN and SQL service account credentials",
            "id": "/netapp/wlmdb/wlmdb-poc-terraform-SqlStandalone-deployment",
            "insecure_value": null,
            "key_id": "alias/aws/ssm",
            "name": "/netapp/wlmdb/wlmdb-poc-terraform-SqlStandalone-deployment",
            "overwrite": null,
            "tags": {
              "creator": "wlmdb-poc-sathish-terraform"
            },
            "tags_all": {
              "creator": "wlmdb-poc-sathish-terraform"
            },
            "tier": "Standard",
            "type": "SecureString",
            "value": "{\n  \"fsx\": {\n    \"username\": \"fsxadmin\",\n    \"password\": \"Netapp123\"\n  },\n  \"domain\": {\n    \"username\": \"administrator\",\n    \"password\": \"Collector@1234\"\n  },\n  \"sql\": [{\n    \"username\": \"sqladminadg4m\",\n    \"password\": \"Netapp123\",\n    \"sqlinstancename\": \"MSSQL\"\n  }]\n}\n",
            "version": 1
          },
          "sensitive_attributes": [
            [
              {
                "type": "get_attr",
                "value": "value"
              }
            ]
          ],
          "private": "bnVsbA==",
          "create_before_destroy": true
        }
      ]
    },
    {
      "module": "module.ec2",
      "mode": "managed",
      "type": "aws_iam_instance_profile",
      "name": "launch_wizard_sql_fsx_profile",
      "provider": "provider[\"registry.terraform.io/hashicorp/aws\"]",
      "instances": [
        {
          "schema_version": 0,
          "attributes": {
            "arn": "arn:aws:iam::464262061435:instance-profile/launch_wizard_sql_fsx_profile",
            "create_date": "2024-08-30T17:35:50Z",
            "id": "launch_wizard_sql_fsx_profile",
            "name": "launch_wizard_sql_fsx_profile",
            "name_prefix": "",
            "path": "/",
            "role": "wlmdb-poc-terraform-SqlStandalone-deployment",
            "tags": {},
            "tags_all": {
              "creator": "wlmdb-poc-sathish-terraform"
            },
            "unique_id": "AIPAWYGBM3V57ODJGZZEF"
          },
          "sensitive_attributes": [],
          "private": "bnVsbA==",
          "dependencies": [
            "module.fsxn.aws_fsx_ontap_file_system.fsx_ontap_fs",
            "module.fsxn.aws_fsx_ontap_storage_virtual_machine.fsxsvm01",
            "module.fsxn.aws_fsx_ontap_volume.fsx_cluster_quorum_volume",
            "module.fsxn.aws_fsx_ontap_volume.fsx_data_volume",
            "module.fsxn.aws_fsx_ontap_volume.fsx_log_volume",
            "module.fsxn.aws_fsx_ontap_volume.fsx_temp_db_volume",
            "module.fsxn.aws_security_group.ontap_security_group",
            "module.vpc-endpoints.aws_security_group.https_security_group",
            "module.vpc-endpoints.aws_vpc_endpoint.cloudformation_endpoint",
            "module.vpc-endpoints.aws_vpc_endpoint.cloudwatch_logs_endpoint",
            "module.vpc-endpoints.aws_vpc_endpoint.ec2_endpoint",
            "module.vpc-endpoints.aws_vpc_endpoint.ec2_messages_endpoint",
            "module.vpc-endpoints.aws_vpc_endpoint.fsx_endpoint",
            "module.vpc-endpoints.aws_vpc_endpoint.s3_endpoint",
            "module.vpc-endpoints.aws_vpc_endpoint.sqs_endpoint",
            "module.vpc-endpoints.aws_vpc_endpoint.ssm_endpoint",
            "module.vpc-endpoints.aws_vpc_endpoint.ssm_messages_endpoint",
            "module.vpc-endpoints.data.aws_region.current"
          ]
        }
      ]
    },
    {
      "module": "module.ec2",
      "mode": "managed",
      "type": "aws_launch_template",
      "name": "disable_imdsv1",
      "provider": "provider[\"registry.terraform.io/hashicorp/aws\"]",
      "instances": [
        {
          "schema_version": 0,
          "attributes": {
            "arn": "arn:aws:ec2:ap-southeast-1:464262061435:launch-template/lt-0ba45f041f5dc3d80",
            "block_device_mappings": [],
            "capacity_reservation_specification": [],
            "cpu_options": [],
            "credit_specification": [],
            "default_version": 1,
            "description": "",
            "disable_api_stop": false,
            "disable_api_termination": false,
            "ebs_optimized": "",
            "elastic_gpu_specifications": [],
            "elastic_inference_accelerator": [],
            "enclave_options": [],
            "hibernation_options": [],
            "iam_instance_profile": [],
            "id": "lt-0ba45f041f5dc3d80",
            "image_id": "",
            "instance_initiated_shutdown_behavior": "",
            "instance_market_options": [],
            "instance_requirements": [],
            "instance_type": "",
            "kernel_id": "",
            "key_name": "",
            "latest_version": 1,
            "license_specification": [],
            "maintenance_options": [],
            "metadata_options": [
              {
                "http_endpoint": "enabled",
                "http_protocol_ipv6": "",
                "http_put_response_hop_limit": 0,
                "http_tokens": "required",
                "instance_metadata_tags": ""
              }
            ],
            "monitoring": [],
            "name": "disable_imdsv120240830173549477200000001",
            "name_prefix": "disable_imdsv1",
            "network_interfaces": [],
            "placement": [],
            "private_dns_name_options": [],
            "ram_disk_id": "",
            "security_group_names": [],
            "tag_specifications": [],
            "tags": {},
            "tags_all": {
              "creator": "wlmdb-poc-sathish-terraform"
            },
            "update_default_version": null,
            "user_data": "",
            "vpc_security_group_ids": []
          },
          "sensitive_attributes": [],
          "private": "bnVsbA==",
          "dependencies": [
            "module.fsxn.aws_fsx_ontap_file_system.fsx_ontap_fs",
            "module.fsxn.aws_fsx_ontap_storage_virtual_machine.fsxsvm01",
            "module.fsxn.aws_fsx_ontap_volume.fsx_cluster_quorum_volume",
            "module.fsxn.aws_fsx_ontap_volume.fsx_data_volume",
            "module.fsxn.aws_fsx_ontap_volume.fsx_log_volume",
            "module.fsxn.aws_fsx_ontap_volume.fsx_temp_db_volume",
            "module.fsxn.aws_security_group.ontap_security_group",
            "module.vpc-endpoints.aws_security_group.https_security_group",
            "module.vpc-endpoints.aws_vpc_endpoint.cloudformation_endpoint",
            "module.vpc-endpoints.aws_vpc_endpoint.cloudwatch_logs_endpoint",
            "module.vpc-endpoints.aws_vpc_endpoint.ec2_endpoint",
            "module.vpc-endpoints.aws_vpc_endpoint.ec2_messages_endpoint",
            "module.vpc-endpoints.aws_vpc_endpoint.fsx_endpoint",
            "module.vpc-endpoints.aws_vpc_endpoint.s3_endpoint",
            "module.vpc-endpoints.aws_vpc_endpoint.sqs_endpoint",
            "module.vpc-endpoints.aws_vpc_endpoint.ssm_endpoint",
            "module.vpc-endpoints.aws_vpc_endpoint.ssm_messages_endpoint",
            "module.vpc-endpoints.data.aws_region.current"
          ]
        }
      ]
    },
    {
      "module": "module.ec2",
      "mode": "managed",
      "type": "aws_network_interface",
      "name": "sql_node_ni",
      "provider": "provider[\"registry.terraform.io/hashicorp/aws\"]",
      "instances": [
        {
          "schema_version": 0,
          "attributes": {
            "arn": "arn:aws:ec2:ap-southeast-1:464262061435:network-interface/eni-06148fa8384d447db",
            "attachment": [],
            "description": "",
            "id": "eni-06148fa8384d447db",
            "interface_type": "interface",
            "ipv4_prefix_count": 0,
            "ipv4_prefixes": [],
            "ipv6_address_count": 0,
            "ipv6_address_list": [],
            "ipv6_address_list_enabled": false,
            "ipv6_addresses": [],
            "ipv6_prefix_count": 0,
            "ipv6_prefixes": [],
            "mac_address": "0a:c0:21:da:9b:5b",
            "outpost_arn": "",
            "owner_id": "464262061435",
            "private_dns_name": "ip-10-0-17-97.ap-southeast-1.compute.internal",
            "private_ip": "10.0.17.97",
            "private_ip_list": [
              "10.0.17.97",
              "10.0.28.179",
              "10.0.22.26"
            ],
            "private_ip_list_enabled": false,
            "private_ips": [
              "10.0.17.97",
              "10.0.22.26",
              "10.0.28.179"
            ],
            "private_ips_count": 2,
            "security_groups": [
              "sg-079a7531d4dfd5b13",
              "sg-0ac64c42348906510"
            ],
            "source_dest_check": true,
            "subnet_id": "subnet-0fcd4374d52d4faf0",
            "tags": {
              "Name": "sqlnode-tf-sathish",
              "SQLServerName": "sqldbspb9e"
            },
            "tags_all": {
              "Name": "sqlnode-tf-sathish",
              "SQLServerName": "sqldbspb9e",
              "creator": "wlmdb-poc-sathish-terraform"
            }
          },
          "sensitive_attributes": [],
          "private": "bnVsbA==",
          "dependencies": [
            "module.ec2.aws_security_group.workload_security_group",
            "module.fsxn.aws_fsx_ontap_file_system.fsx_ontap_fs",
            "module.fsxn.aws_fsx_ontap_storage_virtual_machine.fsxsvm01",
            "module.fsxn.aws_fsx_ontap_volume.fsx_cluster_quorum_volume",
            "module.fsxn.aws_fsx_ontap_volume.fsx_data_volume",
            "module.fsxn.aws_fsx_ontap_volume.fsx_log_volume",
            "module.fsxn.aws_fsx_ontap_volume.fsx_temp_db_volume",
            "module.fsxn.aws_security_group.ontap_security_group",
            "module.vpc-endpoints.aws_security_group.https_security_group",
            "module.vpc-endpoints.aws_vpc_endpoint.cloudformation_endpoint",
            "module.vpc-endpoints.aws_vpc_endpoint.cloudwatch_logs_endpoint",
            "module.vpc-endpoints.aws_vpc_endpoint.ec2_endpoint",
            "module.vpc-endpoints.aws_vpc_endpoint.ec2_messages_endpoint",
            "module.vpc-endpoints.aws_vpc_endpoint.fsx_endpoint",
            "module.vpc-endpoints.aws_vpc_endpoint.s3_endpoint",
            "module.vpc-endpoints.aws_vpc_endpoint.sqs_endpoint",
            "module.vpc-endpoints.aws_vpc_endpoint.ssm_endpoint",
            "module.vpc-endpoints.aws_vpc_endpoint.ssm_messages_endpoint",
            "module.vpc-endpoints.data.aws_region.current"
          ]
        }
      ]
    },
    {
      "module": "module.ec2",
      "mode": "managed",
      "type": "aws_security_group",
      "name": "workload_security_group",
      "provider": "provider[\"registry.terraform.io/hashicorp/aws\"]",
      "instances": [
        {
          "schema_version": 1,
          "attributes": {
            "arn": "arn:aws:ec2:ap-southeast-1:464262061435:security-group/sg-079a7531d4dfd5b13",
            "description": "Allow access to the Workload instances",
            "egress": [
              {
                "cidr_blocks": [
                  "0.0.0.0/0"
                ],
                "description": "",
                "from_port": 0,
                "ipv6_cidr_blocks": [],
                "prefix_list_ids": [],
                "protocol": "-1",
                "security_groups": [],
                "self": false,
                "to_port": 0
              },
              {
                "cidr_blocks": [],
                "description": "",
                "from_port": 0,
                "ipv6_cidr_blocks": [
                  "::/0"
                ],
                "prefix_list_ids": [],
                "protocol": "-1",
                "security_groups": [],
                "self": false,
                "to_port": 0
              }
            ],
            "id": "sg-079a7531d4dfd5b13",
            "ingress": [
              {
                "cidr_blocks": [
                  "10.0.141.68/32"
                ],
                "description": "",
                "from_port": 123,
                "ipv6_cidr_blocks": [],
                "prefix_list_ids": [],
                "protocol": "udp",
                "security_groups": [],
                "self": false,
                "to_port": 123
              },
              {
                "cidr_blocks": [
                  "10.0.141.68/32"
                ],
                "description": "",
                "from_port": 135,
                "ipv6_cidr_blocks": [],
                "prefix_list_ids": [],
                "protocol": "tcp",
                "security_groups": [],
                "self": false,
                "to_port": 135
              },
              {
                "cidr_blocks": [
                  "10.0.141.68/32"
                ],
                "description": "",
                "from_port": 3268,
                "ipv6_cidr_blocks": [],
                "prefix_list_ids": [],
                "protocol": "tcp",
                "security_groups": [],
                "self": false,
                "to_port": 3269
              },
              {
                "cidr_blocks": [
                  "10.0.141.68/32"
                ],
                "description": "",
                "from_port": 389,
                "ipv6_cidr_blocks": [],
                "prefix_list_ids": [],
                "protocol": "tcp",
                "security_groups": [],
                "self": false,
                "to_port": 389
              },
              {
                "cidr_blocks": [
                  "10.0.141.68/32"
                ],
                "description": "",
                "from_port": 389,
                "ipv6_cidr_blocks": [],
                "prefix_list_ids": [],
                "protocol": "udp",
                "security_groups": [],
                "self": false,
                "to_port": 389
              },
              {
                "cidr_blocks": [
                  "10.0.141.68/32"
                ],
                "description": "",
                "from_port": 445,
                "ipv6_cidr_blocks": [],
                "prefix_list_ids": [],
                "protocol": "tcp",
                "security_groups": [],
                "self": false,
                "to_port": 445
              },
              {
                "cidr_blocks": [
                  "10.0.141.68/32"
                ],
                "description": "",
                "from_port": 464,
                "ipv6_cidr_blocks": [],
                "prefix_list_ids": [],
                "protocol": "tcp",
                "security_groups": [],
                "self": false,
                "to_port": 464
              },
              {
                "cidr_blocks": [
                  "10.0.141.68/32"
                ],
                "description": "",
                "from_port": 464,
                "ipv6_cidr_blocks": [],
                "prefix_list_ids": [],
                "protocol": "udp",
                "security_groups": [],
                "self": false,
                "to_port": 464
              },
              {
                "cidr_blocks": [
                  "10.0.141.68/32"
                ],
                "description": "",
                "from_port": 49152,
                "ipv6_cidr_blocks": [],
                "prefix_list_ids": [],
                "protocol": "tcp",
                "security_groups": [],
                "self": false,
                "to_port": 65535
              },
              {
                "cidr_blocks": [
                  "10.0.141.68/32"
                ],
                "description": "",
                "from_port": 53,
                "ipv6_cidr_blocks": [],
                "prefix_list_ids": [],
                "protocol": "tcp",
                "security_groups": [],
                "self": false,
                "to_port": 53
              },
              {
                "cidr_blocks": [
                  "10.0.141.68/32"
                ],
                "description": "",
                "from_port": 53,
                "ipv6_cidr_blocks": [],
                "prefix_list_ids": [],
                "protocol": "udp",
                "security_groups": [],
                "self": false,
                "to_port": 53
              },
              {
                "cidr_blocks": [
                  "10.0.141.68/32"
                ],
                "description": "",
                "from_port": 5985,
                "ipv6_cidr_blocks": [],
                "prefix_list_ids": [],
                "protocol": "tcp",
                "security_groups": [],
                "self": false,
                "to_port": 5985
              },
              {
                "cidr_blocks": [
                  "10.0.141.68/32"
                ],
                "description": "",
                "from_port": 636,
                "ipv6_cidr_blocks": [],
                "prefix_list_ids": [],
                "protocol": "tcp",
                "security_groups": [],
                "self": false,
                "to_port": 636
              },
              {
                "cidr_blocks": [
                  "10.0.141.68/32"
                ],
                "description": "",
                "from_port": 88,
                "ipv6_cidr_blocks": [],
                "prefix_list_ids": [],
                "protocol": "tcp",
                "security_groups": [],
                "self": false,
                "to_port": 88
              },
              {
                "cidr_blocks": [
                  "10.0.141.68/32"
                ],
                "description": "",
                "from_port": 88,
                "ipv6_cidr_blocks": [],
                "prefix_list_ids": [],
                "protocol": "udp",
                "security_groups": [],
                "self": false,
                "to_port": 88
              },
              {
                "cidr_blocks": [
                  "10.0.141.68/32"
                ],
                "description": "",
                "from_port": 9389,
                "ipv6_cidr_blocks": [],
                "prefix_list_ids": [],
                "protocol": "tcp",
                "security_groups": [],
                "self": false,
                "to_port": 9389
              },
              {
                "cidr_blocks": [
                  "202.3.112.0/20"
                ],
                "description": "",
                "from_port": 3389,
                "ipv6_cidr_blocks": [],
                "prefix_list_ids": [],
                "protocol": "tcp",
                "security_groups": [],
                "self": false,
                "to_port": 3389
              }
            ],
            "name": "workload_security_group",
            "name_prefix": "",
            "owner_id": "464262061435",
            "revoke_rules_on_delete": false,
            "tags": {
              "Name": "workload_security_group"
            },
            "tags_all": {
              "Name": "workload_security_group",
              "creator": "wlmdb-poc-sathish-terraform"
            },
            "timeouts": null,
            "vpc_id": "vpc-046f7e26255458373"
          },
          "sensitive_attributes": [],
          "private": "eyJlMmJmYjczMC1lY2FhLTExZTYtOGY4OC0zNDM2M2JjN2M0YzAiOnsiY3JlYXRlIjo2MDAwMDAwMDAwMDAsImRlbGV0ZSI6OTAwMDAwMDAwMDAwfSwic2NoZW1hX3ZlcnNpb24iOiIxIn0=",
          "dependencies": [
            "module.fsxn.aws_fsx_ontap_file_system.fsx_ontap_fs",
            "module.fsxn.aws_fsx_ontap_storage_virtual_machine.fsxsvm01",
            "module.fsxn.aws_fsx_ontap_volume.fsx_cluster_quorum_volume",
            "module.fsxn.aws_fsx_ontap_volume.fsx_data_volume",
            "module.fsxn.aws_fsx_ontap_volume.fsx_log_volume",
            "module.fsxn.aws_fsx_ontap_volume.fsx_temp_db_volume",
            "module.fsxn.aws_security_group.ontap_security_group",
            "module.vpc-endpoints.aws_security_group.https_security_group",
            "module.vpc-endpoints.aws_vpc_endpoint.cloudformation_endpoint",
            "module.vpc-endpoints.aws_vpc_endpoint.cloudwatch_logs_endpoint",
            "module.vpc-endpoints.aws_vpc_endpoint.ec2_endpoint",
            "module.vpc-endpoints.aws_vpc_endpoint.ec2_messages_endpoint",
            "module.vpc-endpoints.aws_vpc_endpoint.fsx_endpoint",
            "module.vpc-endpoints.aws_vpc_endpoint.s3_endpoint",
            "module.vpc-endpoints.aws_vpc_endpoint.sqs_endpoint",
            "module.vpc-endpoints.aws_vpc_endpoint.ssm_endpoint",
            "module.vpc-endpoints.aws_vpc_endpoint.ssm_messages_endpoint",
            "module.vpc-endpoints.data.aws_region.current"
          ]
        }
      ]
    },
    {
      "module": "module.fsxn",
      "mode": "managed",
      "type": "aws_fsx_ontap_file_system",
      "name": "fsx_ontap_fs",
      "provider": "provider[\"registry.terraform.io/hashicorp/aws\"]",
      "instances": [
        {
          "index_key": 0,
          "schema_version": 0,
          "attributes": {
            "arn": "arn:aws:fsx:ap-southeast-1:464262061435:file-system/fs-0a2e059fe5d675e1b",
            "automatic_backup_retention_days": 0,
            "daily_automatic_backup_start_time": "",
            "deployment_type": "SINGLE_AZ_1",
            "disk_iops_configuration": [
              {
                "iops": 3072,
                "mode": "AUTOMATIC"
              }
            ],
            "dns_name": "",
            "endpoint_ip_address_range": "",
            "endpoints": [
              {
                "intercluster": [
                  {
                    "dns_name": "intercluster.fs-0a2e059fe5d675e1b.fsx.ap-southeast-1.amazonaws.com",
                    "ip_addresses": [
                      "10.0.28.254",
                      "10.0.30.169"
                    ]
                  }
                ],
                "management": [
                  {
                    "dns_name": "management.fs-0a2e059fe5d675e1b.fsx.ap-southeast-1.amazonaws.com",
                    "ip_addresses": [
                      "10.0.22.13"
                    ]
                  }
                ]
              }
            ],
            "fsx_admin_password": "Netapp123",
            "id": "fs-0a2e059fe5d675e1b",
            "kms_key_id": "arn:aws:kms:ap-southeast-1:464262061435:key/0a96542a-f57b-487c-a0fc-4db5d74c0a89",
            "network_interface_ids": [
              "eni-0a7101751e0a8f18e",
              "eni-0fe45fa07dc22951b"
            ],
            "owner_id": "464262061435",
            "preferred_subnet_id": "subnet-0fcd4374d52d4faf0",
            "route_table_ids": [],
            "security_group_ids": [
              "sg-0ac64c42348906510"
            ],
            "storage_capacity": 1024,
            "storage_type": "SSD",
            "subnet_ids": [
              "subnet-0fcd4374d52d4faf0"
            ],
            "tags": {
              "Name": "wlmdb-fsx-1724065163786"
            },
            "tags_all": {
              "Name": "wlmdb-fsx-1724065163786",
              "creator": "wlmdb-poc-sathish-terraform"
            },
            "throughput_capacity": 128,
            "timeouts": null,
            "vpc_id": "vpc-046f7e26255458373",
            "weekly_maintenance_start_time": "1:05:00"
          },
          "sensitive_attributes": [
            [
              {
                "type": "get_attr",
                "value": "fsx_admin_password"
              }
            ]
          ],
          "private": "eyJlMmJmYjczMC1lY2FhLTExZTYtOGY4OC0zNDM2M2JjN2M0YzAiOnsiY3JlYXRlIjozNjAwMDAwMDAwMDAwLCJkZWxldGUiOjM2MDAwMDAwMDAwMDAsInVwZGF0ZSI6MzYwMDAwMDAwMDAwMH19",
          "dependencies": [
            "module.fsxn.aws_security_group.ontap_security_group"
          ]
        }
      ]
    },
    {
      "module": "module.fsxn",
      "mode": "managed",
      "type": "aws_fsx_ontap_storage_virtual_machine",
      "name": "fsxsvm01",
      "provider": "provider[\"registry.terraform.io/hashicorp/aws\"]",
      "instances": [
        {
          "schema_version": 1,
          "attributes": {
            "active_directory_configuration": [],
            "arn": "arn:aws:fsx:ap-southeast-1:464262061435:storage-virtual-machine/fs-0a2e059fe5d675e1b/svm-0189ccc0cabf97819",
            "endpoints": [
              {
                "iscsi": [
                  {
                    "dns_name": "iscsi.svm-0189ccc0cabf97819.fs-0a2e059fe5d675e1b.fsx.ap-southeast-1.amazonaws.com",
                    "ip_addresses": [
                      "10.0.16.142",
                      "10.0.23.134"
                    ]
                  }
                ],
                "management": [
                  {
                    "dns_name": "svm-0189ccc0cabf97819.fs-0a2e059fe5d675e1b.fsx.ap-southeast-1.amazonaws.com",
                    "ip_addresses": [
                      "10.0.31.93"
                    ]
                  }
                ],
                "nfs": [
                  {
                    "dns_name": "svm-0189ccc0cabf97819.fs-0a2e059fe5d675e1b.fsx.ap-southeast-1.amazonaws.com",
                    "ip_addresses": [
                      "10.0.31.93"
                    ]
                  }
                ],
                "smb": []
              }
            ],
            "file_system_id": "fs-0a2e059fe5d675e1b",
            "id": "svm-0189ccc0cabf97819",
            "name": "wlmdb_sqlsvm_1724065163786",
            "root_volume_security_style": "NTFS",
            "subtype": "DEFAULT",
            "svm_admin_password": "",
            "tags": {},
            "tags_all": {
              "creator": "wlmdb-poc-sathish-terraform"
            },
            "timeouts": null,
            "uuid": "fd480c69-65da-11ef-a45b-6b37a8e9165c"
          },
          "sensitive_attributes": [
            [
              {
                "type": "get_attr",
                "value": "svm_admin_password"
              }
            ]
          ],
          "private": "eyJlMmJmYjczMC1lY2FhLTExZTYtOGY4OC0zNDM2M2JjN2M0YzAiOnsiY3JlYXRlIjoxODAwMDAwMDAwMDAwLCJkZWxldGUiOjE4MDAwMDAwMDAwMDAsInVwZGF0ZSI6MTgwMDAwMDAwMDAwMH0sInNjaGVtYV92ZXJzaW9uIjoiMSJ9",
          "dependencies": [
            "module.fsxn.aws_fsx_ontap_file_system.fsx_ontap_fs",
            "module.fsxn.aws_security_group.ontap_security_group"
          ]
        }
      ]
    },
    {
      "module": "module.fsxn",
      "mode": "managed",
      "type": "aws_fsx_ontap_volume",
      "name": "fsx_cluster_quorum_volume",
      "provider": "provider[\"registry.terraform.io/hashicorp/aws\"]",
      "instances": []
    },
    {
      "module": "module.fsxn",
      "mode": "managed",
      "type": "aws_fsx_ontap_volume",
      "name": "fsx_data_volume",
      "provider": "provider[\"registry.terraform.io/hashicorp/aws\"]",
      "instances": [
        {
          "schema_version": 0,
          "attributes": {
            "arn": "arn:aws:fsx:ap-southeast-1:464262061435:volume/fs-0a2e059fe5d675e1b/fsvol-025ee4a4e0224b630",
            "bypass_snaplock_enterprise_retention": false,
            "copy_tags_to_backups": false,
            "file_system_id": "fs-0a2e059fe5d675e1b",
            "flexcache_endpoint_type": null,
            "id": "fsvol-025ee4a4e0224b630",
            "junction_path": "/wlmdb_sqldata_1724065163786",
            "name": "wlmdb_sqldata_1724065163786",
            "ontap_volume_type": "RW",
            "security_style": "NTFS",
            "size_in_megabytes": 225281,
            "skip_final_backup": false,
            "snaplock_configuration": [],
            "snapshot_policy": "daily_weekretention",
            "storage_efficiency_enabled": true,
            "storage_virtual_machine_id": "svm-0189ccc0cabf97819",
            "tags": {},
            "tags_all": {
              "creator": "wlmdb-poc-sathish-terraform"
            },
            "tiering_policy": [
              {
                "cooling_period": 7,
                "name": "SNAPSHOT_ONLY"
              }
            ],
            "timeouts": null,
            "uuid": "bcb3529d-65df-11ef-a45b-6b37a8e9165c",
            "volume_type": "ONTAP"
          },
          "sensitive_attributes": [],
          "private": "eyJlMmJmYjczMC1lY2FhLTExZTYtOGY4OC0zNDM2M2JjN2M0YzAiOnsiY3JlYXRlIjoxODAwMDAwMDAwMDAwLCJkZWxldGUiOjE4MDAwMDAwMDAwMDAsInVwZGF0ZSI6MTgwMDAwMDAwMDAwMH19",
          "dependencies": [
            "module.fsxn.aws_fsx_ontap_file_system.fsx_ontap_fs",
            "module.fsxn.aws_fsx_ontap_storage_virtual_machine.fsxsvm01",
            "module.fsxn.aws_security_group.ontap_security_group"
          ]
        }
      ]
    },
    {
      "module": "module.fsxn",
      "mode": "managed",
      "type": "aws_fsx_ontap_volume",
      "name": "fsx_log_volume",
      "provider": "provider[\"registry.terraform.io/hashicorp/aws\"]",
      "instances": [
        {
          "schema_version": 0,
          "attributes": {
            "arn": "arn:aws:fsx:ap-southeast-1:464262061435:volume/fs-0a2e059fe5d675e1b/fsvol-0c6c80850e03afac4",
            "bypass_snaplock_enterprise_retention": false,
            "copy_tags_to_backups": false,
            "file_system_id": "fs-0a2e059fe5d675e1b",
            "flexcache_endpoint_type": null,
            "id": "fsvol-0c6c80850e03afac4",
            "junction_path": "/wlmdb_sqllog_1724065163786",
            "name": "wlmdb_sqllog_1724065163786",
            "ontap_volume_type": "RW",
            "security_style": "NTFS",
            "size_in_megabytes": 57687,
            "skip_final_backup": false,
            "snaplock_configuration": [],
            "snapshot_policy": "daily_weekretention",
            "storage_efficiency_enabled": true,
            "storage_virtual_machine_id": "svm-0189ccc0cabf97819",
            "tags": {},
            "tags_all": {
              "creator": "wlmdb-poc-sathish-terraform"
            },
            "tiering_policy": [
              {
                "cooling_period": 7,
                "name": "SNAPSHOT_ONLY"
              }
            ],
            "timeouts": null,
            "uuid": "bcc56149-65df-11ef-a45b-6b37a8e9165c",
            "volume_type": "ONTAP"
          },
          "sensitive_attributes": [],
          "private": "eyJlMmJmYjczMC1lY2FhLTExZTYtOGY4OC0zNDM2M2JjN2M0YzAiOnsiY3JlYXRlIjoxODAwMDAwMDAwMDAwLCJkZWxldGUiOjE4MDAwMDAwMDAwMDAsInVwZGF0ZSI6MTgwMDAwMDAwMDAwMH19",
          "dependencies": [
            "module.fsxn.aws_fsx_ontap_file_system.fsx_ontap_fs",
            "module.fsxn.aws_fsx_ontap_storage_virtual_machine.fsxsvm01",
            "module.fsxn.aws_security_group.ontap_security_group"
          ]
        }
      ]
    },
    {
      "module": "module.fsxn",
      "mode": "managed",
      "type": "aws_fsx_ontap_volume",
      "name": "fsx_temp_db_volume",
      "provider": "provider[\"registry.terraform.io/hashicorp/aws\"]",
      "instances": [
        {
          "schema_version": 0,
          "attributes": {
            "arn": "arn:aws:fsx:ap-southeast-1:464262061435:volume/fs-0a2e059fe5d675e1b/fsvol-0f8f958ad6e3f0061",
            "bypass_snaplock_enterprise_retention": false,
            "copy_tags_to_backups": false,
            "file_system_id": "fs-0a2e059fe5d675e1b",
            "flexcache_endpoint_type": null,
            "id": "fsvol-0f8f958ad6e3f0061",
            "junction_path": "/wlmdb_sqltemp_1724065163786",
            "name": "wlmdb_sqltemp_1724065163786",
            "ontap_volume_type": "RW",
            "security_style": "NTFS",
            "size_in_megabytes": 23077,
            "skip_final_backup": false,
            "snaplock_configuration": [],
            "snapshot_policy": "daily_weekretention",
            "storage_efficiency_enabled": true,
            "storage_virtual_machine_id": "svm-0189ccc0cabf97819",
            "tags": {},
            "tags_all": {
              "creator": "wlmdb-poc-sathish-terraform"
            },
            "tiering_policy": [
              {
                "cooling_period": 7,
                "name": "SNAPSHOT_ONLY"
              }
            ],
            "timeouts": null,
            "uuid": "bcea624f-65df-11ef-a45b-6b37a8e9165c",
            "volume_type": "ONTAP"
          },
          "sensitive_attributes": [],
          "private": "eyJlMmJmYjczMC1lY2FhLTExZTYtOGY4OC0zNDM2M2JjN2M0YzAiOnsiY3JlYXRlIjoxODAwMDAwMDAwMDAwLCJkZWxldGUiOjE4MDAwMDAwMDAwMDAsInVwZGF0ZSI6MTgwMDAwMDAwMDAwMH19",
          "dependencies": [
            "module.fsxn.aws_fsx_ontap_file_system.fsx_ontap_fs",
            "module.fsxn.aws_fsx_ontap_storage_virtual_machine.fsxsvm01",
            "module.fsxn.aws_security_group.ontap_security_group"
          ]
        }
      ]
    },
    {
      "module": "module.fsxn",
      "mode": "managed",
      "type": "aws_security_group",
      "name": "ontap_security_group",
      "provider": "provider[\"registry.terraform.io/hashicorp/aws\"]",
      "instances": [
        {
          "index_key": 0,
          "schema_version": 1,
          "attributes": {
            "arn": "arn:aws:ec2:ap-southeast-1:464262061435:security-group/sg-0ac64c42348906510",
            "description": "Allow access to the Workload instances",
            "egress": [],
            "id": "sg-0ac64c42348906510",
            "ingress": [
              {
                "cidr_blocks": [
                  "10.0.0.0/16"
                ],
                "description": "",
                "from_port": -1,
                "ipv6_cidr_blocks": [],
                "prefix_list_ids": [],
                "protocol": "icmp",
                "security_groups": [],
                "self": false,
                "to_port": -1
              },
              {
                "cidr_blocks": [
                  "10.0.0.0/16"
                ],
                "description": "",
                "from_port": 10000,
                "ipv6_cidr_blocks": [],
                "prefix_list_ids": [],
                "protocol": "tcp",
                "security_groups": [],
                "self": false,
                "to_port": 10000
              },
              {
                "cidr_blocks": [
                  "10.0.0.0/16"
                ],
                "description": "",
                "from_port": 11104,
                "ipv6_cidr_blocks": [],
                "prefix_list_ids": [],
                "protocol": "tcp",
                "security_groups": [],
                "self": false,
                "to_port": 11104
              },
              {
                "cidr_blocks": [
                  "10.0.0.0/16"
                ],
                "description": "",
                "from_port": 11105,
                "ipv6_cidr_blocks": [],
                "prefix_list_ids": [],
                "protocol": "tcp",
                "security_groups": [],
                "self": false,
                "to_port": 11105
              },
              {
                "cidr_blocks": [
                  "10.0.0.0/16"
                ],
                "description": "",
                "from_port": 111,
                "ipv6_cidr_blocks": [],
                "prefix_list_ids": [],
                "protocol": "tcp",
                "security_groups": [],
                "self": false,
                "to_port": 111
              },
              {
                "cidr_blocks": [
                  "10.0.0.0/16"
                ],
                "description": "",
                "from_port": 111,
                "ipv6_cidr_blocks": [],
                "prefix_list_ids": [],
                "protocol": "udp",
                "security_groups": [],
                "self": false,
                "to_port": 111
              },
              {
                "cidr_blocks": [
                  "10.0.0.0/16"
                ],
                "description": "",
                "from_port": 135,
                "ipv6_cidr_blocks": [],
                "prefix_list_ids": [],
                "protocol": "tcp",
                "security_groups": [],
                "self": false,
                "to_port": 135
              },
              {
                "cidr_blocks": [
                  "10.0.0.0/16"
                ],
                "description": "",
                "from_port": 135,
                "ipv6_cidr_blocks": [],
                "prefix_list_ids": [],
                "protocol": "udp",
                "security_groups": [],
                "self": false,
                "to_port": 135
              },
              {
                "cidr_blocks": [
                  "10.0.0.0/16"
                ],
                "description": "",
                "from_port": 137,
                "ipv6_cidr_blocks": [],
                "prefix_list_ids": [],
                "protocol": "udp",
                "security_groups": [],
                "self": false,
                "to_port": 137
              },
              {
                "cidr_blocks": [
                  "10.0.0.0/16"
                ],
                "description": "",
                "from_port": 139,
                "ipv6_cidr_blocks": [],
                "prefix_list_ids": [],
                "protocol": "tcp",
                "security_groups": [],
                "self": false,
                "to_port": 139
              },
              {
                "cidr_blocks": [
                  "10.0.0.0/16"
                ],
                "description": "",
                "from_port": 139,
                "ipv6_cidr_blocks": [],
                "prefix_list_ids": [],
                "protocol": "udp",
                "security_groups": [],
                "self": false,
                "to_port": 139
              },
              {
                "cidr_blocks": [
                  "10.0.0.0/16"
                ],
                "description": "",
                "from_port": 161,
                "ipv6_cidr_blocks": [],
                "prefix_list_ids": [],
                "protocol": "tcp",
                "security_groups": [],
                "self": false,
                "to_port": 162
              },
              {
                "cidr_blocks": [
                  "10.0.0.0/16"
                ],
                "description": "",
                "from_port": 161,
                "ipv6_cidr_blocks": [],
                "prefix_list_ids": [],
                "protocol": "udp",
                "security_groups": [],
                "self": false,
                "to_port": 162
              },
              {
                "cidr_blocks": [
                  "10.0.0.0/16"
                ],
                "description": "",
                "from_port": 2049,
                "ipv6_cidr_blocks": [],
                "prefix_list_ids": [],
                "protocol": "tcp",
                "security_groups": [],
                "self": false,
                "to_port": 2049
              },
              {
                "cidr_blocks": [
                  "10.0.0.0/16"
                ],
                "description": "",
                "from_port": 2049,
                "ipv6_cidr_blocks": [],
                "prefix_list_ids": [],
                "protocol": "udp",
                "security_groups": [],
                "self": false,
                "to_port": 2049
              },
              {
                "cidr_blocks": [
                  "10.0.0.0/16"
                ],
                "description": "",
                "from_port": 22,
                "ipv6_cidr_blocks": [],
                "prefix_list_ids": [],
                "protocol": "tcp",
                "security_groups": [],
                "self": false,
                "to_port": 22
              },
              {
                "cidr_blocks": [
                  "10.0.0.0/16"
                ],
                "description": "",
                "from_port": 3260,
                "ipv6_cidr_blocks": [],
                "prefix_list_ids": [],
                "protocol": "tcp",
                "security_groups": [],
                "self": false,
                "to_port": 3260
              },
              {
                "cidr_blocks": [
                  "10.0.0.0/16"
                ],
                "description": "",
                "from_port": 4045,
                "ipv6_cidr_blocks": [],
                "prefix_list_ids": [],
                "protocol": "tcp",
                "security_groups": [],
                "self": false,
                "to_port": 4045
              },
              {
                "cidr_blocks": [
                  "10.0.0.0/16"
                ],
                "description": "",
                "from_port": 4045,
                "ipv6_cidr_blocks": [],
                "prefix_list_ids": [],
                "protocol": "udp",
                "security_groups": [],
                "self": false,
                "to_port": 4045
              },
              {
                "cidr_blocks": [
                  "10.0.0.0/16"
                ],
                "description": "",
                "from_port": 4046,
                "ipv6_cidr_blocks": [],
                "prefix_list_ids": [],
                "protocol": "tcp",
                "security_groups": [],
                "self": false,
                "to_port": 4046
              },
              {
                "cidr_blocks": [
                  "10.0.0.0/16"
                ],
                "description": "",
                "from_port": 4046,
                "ipv6_cidr_blocks": [],
                "prefix_list_ids": [],
                "protocol": "udp",
                "security_groups": [],
                "self": false,
                "to_port": 4046
              },
              {
                "cidr_blocks": [
                  "10.0.0.0/16"
                ],
                "description": "",
                "from_port": 4049,
                "ipv6_cidr_blocks": [],
                "prefix_list_ids": [],
                "protocol": "udp",
                "security_groups": [],
                "self": false,
                "to_port": 4049
              },
              {
                "cidr_blocks": [
                  "10.0.0.0/16"
                ],
                "description": "",
                "from_port": 443,
                "ipv6_cidr_blocks": [],
                "prefix_list_ids": [],
                "protocol": "tcp",
                "security_groups": [],
                "self": false,
                "to_port": 443
              },
              {
                "cidr_blocks": [
                  "10.0.0.0/16"
                ],
                "description": "",
                "from_port": 635,
                "ipv6_cidr_blocks": [],
                "prefix_list_ids": [],
                "protocol": "tcp",
                "security_groups": [],
                "self": false,
                "to_port": 635
              },
              {
                "cidr_blocks": [
                  "10.0.0.0/16"
                ],
                "description": "",
                "from_port": 635,
                "ipv6_cidr_blocks": [],
                "prefix_list_ids": [],
                "protocol": "udp",
                "security_groups": [],
                "self": false,
                "to_port": 635
              },
              {
                "cidr_blocks": [
                  "10.0.0.0/16"
                ],
                "description": "",
                "from_port": 749,
                "ipv6_cidr_blocks": [],
                "prefix_list_ids": [],
                "protocol": "tcp",
                "security_groups": [],
                "self": false,
                "to_port": 749
              }
            ],
            "name": "ontap_security_group",
            "name_prefix": "",
            "owner_id": "464262061435",
            "revoke_rules_on_delete": false,
            "tags": {},
            "tags_all": {
              "creator": "wlmdb-poc-sathish-terraform"
            },
            "timeouts": null,
            "vpc_id": "vpc-046f7e26255458373"
          },
          "sensitive_attributes": [],
          "private": "eyJlMmJmYjczMC1lY2FhLTExZTYtOGY4OC0zNDM2M2JjN2M0YzAiOnsiY3JlYXRlIjo2MDAwMDAwMDAwMDAsImRlbGV0ZSI6OTAwMDAwMDAwMDAwfSwic2NoZW1hX3ZlcnNpb24iOiIxIn0="
        }
      ]
    },
    {
      "module": "module.vpc-endpoints",
      "mode": "data",
      "type": "aws_region",
      "name": "current",
      "provider": "provider[\"registry.terraform.io/hashicorp/aws\"]",
      "instances": [
        {
          "schema_version": 0,
          "attributes": {
            "description": "Asia Pacific (Singapore)",
            "endpoint": "ec2.ap-southeast-1.amazonaws.com",
            "id": "ap-southeast-1",
            "name": "ap-southeast-1"
          },
          "sensitive_attributes": []
        }
      ]
    },
    {
      "module": "module.vpc-endpoints",
      "mode": "managed",
      "type": "aws_security_group",
      "name": "https_security_group",
      "provider": "provider[\"registry.terraform.io/hashicorp/aws\"]",
      "instances": []
    },
    {
      "module": "module.vpc-endpoints",
      "mode": "managed",
      "type": "aws_vpc_endpoint",
      "name": "cloudformation_endpoint",
      "provider": "provider[\"registry.terraform.io/hashicorp/aws\"]",
      "instances": []
    },
    {
      "module": "module.vpc-endpoints",
      "mode": "managed",
      "type": "aws_vpc_endpoint",
      "name": "cloudwatch_logs_endpoint",
      "provider": "provider[\"registry.terraform.io/hashicorp/aws\"]",
      "instances": []
    },
    {
      "module": "module.vpc-endpoints",
      "mode": "managed",
      "type": "aws_vpc_endpoint",
      "name": "ec2_endpoint",
      "provider": "provider[\"registry.terraform.io/hashicorp/aws\"]",
      "instances": []
    },
    {
      "module": "module.vpc-endpoints",
      "mode": "managed",
      "type": "aws_vpc_endpoint",
      "name": "ec2_messages_endpoint",
      "provider": "provider[\"registry.terraform.io/hashicorp/aws\"]",
      "instances": []
    },
    {
      "module": "module.vpc-endpoints",
      "mode": "managed",
      "type": "aws_vpc_endpoint",
      "name": "fsx_endpoint",
      "provider": "provider[\"registry.terraform.io/hashicorp/aws\"]",
      "instances": []
    },
    {
      "module": "module.vpc-endpoints",
      "mode": "managed",
      "type": "aws_vpc_endpoint",
      "name": "s3_endpoint",
      "provider": "provider[\"registry.terraform.io/hashicorp/aws\"]",
      "instances": []
    },
    {
      "module": "module.vpc-endpoints",
      "mode": "managed",
      "type": "aws_vpc_endpoint",
      "name": "sqs_endpoint",
      "provider": "provider[\"registry.terraform.io/hashicorp/aws\"]",
      "instances": []
    },
    {
      "module": "module.vpc-endpoints",
      "mode": "managed",
      "type": "aws_vpc_endpoint",
      "name": "ssm_endpoint",
      "provider": "provider[\"registry.terraform.io/hashicorp/aws\"]",
      "instances": []
    },
    {
      "module": "module.vpc-endpoints",
      "mode": "managed",
      "type": "aws_vpc_endpoint",
      "name": "ssm_messages_endpoint",
      "provider": "provider[\"registry.terraform.io/hashicorp/aws\"]",
      "instances": []
    }
  ],
  "check_results": null
}
